
Microsoft Visual Studio Solution File, Format Version 12.00
# Visual Studio Version 17
VisualStudioVersion = 17.5.33414.496
MinimumVisualStudioVersion = 10.0.40219.1
Project("{FAE04EC0-301F-11D3-BF4B-00C04F79EFBC}") = "AkbilYonetimiVeriKatmani", "AkbilYonetimiVeriKatmani\AkbilYonetimiVeriKatmani.csproj", "{EEC5EF25-DD2E-4B6E-A47B-9DEE341F9ACF}"
EndProject
Project("{FAE04EC0-301F-11D3-BF4B-00C04F79EFBC}") = "AkbilYonetimiIsKatmani", "AkbilYonetimiIsKatmani\AkbilYonetimiIsKatmani.csproj", "{351C6BA4-5AE2-425B-A630-91161460B395}"
EndProject
Project("{9A19103F-16F7-4668-BE54-9A1E7A4F7556}") = "AkbilYonetimiUI", "AkbilYonetimiUI\AkbilYonetimiUI.csproj", "{EACE04F3-D5F7-40D9-BD58-B440A6654B37}"
EndProject
Global
	GlobalSection(SolutionConfigurationPlatforms) = preSolution
		Debug|Any CPU = Debug|Any CPU
		Release|Any CPU = Release|Any CPU
	EndGlobalSection
	GlobalSection(ProjectConfigurationPlatforms) = postSolution
		{EEC5EF25-DD2E-4B6E-A47B-9DEE341F9ACF}.Debug|Any CPU.ActiveCfg = Debug|Any CPU
		{EEC5EF25-DD2E-4B6E-A47B-9DEE341F9ACF}.Debug|Any CPU.Build.0 = Debug|Any CPU
		{EEC5EF25-DD2E-4B6E-A47B-9DEE341F9ACF}.Release|Any CPU.ActiveCfg = Release|Any CPU
		{EEC5EF25-DD2E-4B6E-A47B-9DEE341F9ACF}.Release|Any CPU.Build.0 = Release|Any CPU
		{351C6BA4-5AE2-425B-A630-91161460B395}.Debug|Any CPU.ActiveCfg = Debug|Any CPU
		{351C6BA4-5AE2-425B-A630-91161460B395}.Debug|Any CPU.Build.0 = Debug|Any CPU
		{351C6BA4-5AE2-425B-A630-91161460B395}.Release|Any CPU.ActiveCfg = Release|Any CPU
		{351C6BA4-5AE2-425B-A630-91161460B395}.Release|Any CPU.Build.0 = Release|Any CPU
		{EACE04F3-D5F7-40D9-BD58-B440A6654B37}.Debug|Any CPU.ActiveCfg = Debug|Any CPU
		{EACE04F3-D5F7-40D9-BD58-B440A6654B37}.Debug|Any CPU.Build.0 = Debug|Any CPU
		{EACE04F3-D5F7-40D9-BD58-B440A6654B37}.Release|Any CPU.ActiveCfg = Release|Any CPU
		{EACE04F3-D5F7-40D9-BD58-B440A6654B37}.Release|Any CPU.Build.0 = Release|Any CPU
	EndGlobalSection
	GlobalSection(SolutionProperties) = preSolution
		HideSolutionNode = FALSE
	EndGlobalSection
	GlobalSection(ExtensibilityGlobals) = postSolution
		SolutionGuid = {B01E2A5E-C973-43B4-ACFB-EF36638AC0D6}
	EndGlobalSection
EndGlobal
